
Microsoft Visual Studio Solution File, Format Version 11.00
# Visual Studio 2010
Project("{FAE04EC0-301F-11D3-BF4B-00C04F79EFBC}") = "SampleProjectSP", "SampleProjectSP\SampleProjectSP.csproj", "{9686240D-0899-4F32-9A55-6897D8CB04F9}"
EndProject
Project("{FAE04EC0-301F-11D3-BF4B-00C04F79EFBC}") = "SampleVisualWebPart", "SampleVisualWebPart\SampleVisualWebPart.csproj", "{3A2ED150-7CC4-45A5-A6D4-AE9E4DCD1FA4}"
EndProject
Project("{FAE04EC0-301F-11D3-BF4B-00C04F79EFBC}") = "NewsList", "NewsList\NewsList.csproj", "{9CD70977-5457-4F06-A98A-CB4CF3C0DA54}"
EndProject
Global
	GlobalSection(SolutionConfigurationPlatforms) = preSolution
		Debug|Any CPU = Debug|Any CPU
		Release|Any CPU = Release|Any CPU
	EndGlobalSection
	GlobalSection(ProjectConfigurationPlatforms) = postSolution
		{9686240D-0899-4F32-9A55-6897D8CB04F9}.Debug|Any CPU.ActiveCfg = Debug|Any CPU
		{9686240D-0899-4F32-9A55-6897D8CB04F9}.Debug|Any CPU.Build.0 = Debug|Any CPU
		{9686240D-0899-4F32-9A55-6897D8CB04F9}.Debug|Any CPU.Deploy.0 = Debug|Any CPU
		{9686240D-0899-4F32-9A55-6897D8CB04F9}.Release|Any CPU.ActiveCfg = Release|Any CPU
		{9686240D-0899-4F32-9A55-6897D8CB04F9}.Release|Any CPU.Build.0 = Release|Any CPU
		{9686240D-0899-4F32-9A55-6897D8CB04F9}.Release|Any CPU.Deploy.0 = Release|Any CPU
		{3A2ED150-7CC4-45A5-A6D4-AE9E4DCD1FA4}.Debug|Any CPU.ActiveCfg = Debug|Any CPU
		{3A2ED150-7CC4-45A5-A6D4-AE9E4DCD1FA4}.Debug|Any CPU.Build.0 = Debug|Any CPU
		{3A2ED150-7CC4-45A5-A6D4-AE9E4DCD1FA4}.Debug|Any CPU.Deploy.0 = Debug|Any CPU
		{3A2ED150-7CC4-45A5-A6D4-AE9E4DCD1FA4}.Release|Any CPU.ActiveCfg = Release|Any CPU
		{3A2ED150-7CC4-45A5-A6D4-AE9E4DCD1FA4}.Release|Any CPU.Build.0 = Release|Any CPU
		{3A2ED150-7CC4-45A5-A6D4-AE9E4DCD1FA4}.Release|Any CPU.Deploy.0 = Release|Any CPU
		{9CD70977-5457-4F06-A98A-CB4CF3C0DA54}.Debug|Any CPU.ActiveCfg = Debug|Any CPU
		{9CD70977-5457-4F06-A98A-CB4CF3C0DA54}.Debug|Any CPU.Build.0 = Debug|Any CPU
		{9CD70977-5457-4F06-A98A-CB4CF3C0DA54}.Debug|Any CPU.Deploy.0 = Debug|Any CPU
		{9CD70977-5457-4F06-A98A-CB4CF3C0DA54}.Release|Any CPU.ActiveCfg = Release|Any CPU
		{9CD70977-5457-4F06-A98A-CB4CF3C0DA54}.Release|Any CPU.Build.0 = Release|Any CPU
		{9CD70977-5457-4F06-A98A-CB4CF3C0DA54}.Release|Any CPU.Deploy.0 = Release|Any CPU
	EndGlobalSection
	GlobalSection(SolutionProperties) = preSolution
		HideSolutionNode = FALSE
	EndGlobalSection
EndGlobal
