
Microsoft Visual Studio Solution File, Format Version 11.00
# Visual Studio 2010
Project("{FAE04EC0-301F-11D3-BF4B-00C04F79EFBC}") = "Domain", "Domain\Domain.csproj", "{11EC2C9B-C265-4B7D-84FF-3C18EEFD75AF}"
EndProject
Project("{F088123C-0E9E-452A-89E6-6BA2F21D5CAC}") = "NewsAnnouncementUML", "NewsAnnouncementUML\NewsAnnouncementUML.modelproj", "{49244073-D819-4856-B2B7-12FD50AD71A5}"
EndProject
Project("{FAE04EC0-301F-11D3-BF4B-00C04F79EFBC}") = "CSCV.GROUP1.NewsAnnouncement", "NewsAnnouncementWebPart\CSCV.GROUP1.NewsAnnouncement.csproj", "{FBED4F99-C7F4-470A-8C57-ABB3F13D221E}"
EndProject
Project("{FAE04EC0-301F-11D3-BF4B-00C04F79EFBC}") = "Utils", "Utils\Utils.csproj", "{F5DB26FC-4784-4983-A4A6-B50B3FE629DA}"
EndProject
Global
	GlobalSection(SolutionConfigurationPlatforms) = preSolution
		Debug|Any CPU = Debug|Any CPU
		Release|Any CPU = Release|Any CPU
	EndGlobalSection
	GlobalSection(ProjectConfigurationPlatforms) = postSolution
		{11EC2C9B-C265-4B7D-84FF-3C18EEFD75AF}.Debug|Any CPU.ActiveCfg = Debug|Any CPU
		{11EC2C9B-C265-4B7D-84FF-3C18EEFD75AF}.Debug|Any CPU.Build.0 = Debug|Any CPU
		{11EC2C9B-C265-4B7D-84FF-3C18EEFD75AF}.Release|Any CPU.ActiveCfg = Release|Any CPU
		{11EC2C9B-C265-4B7D-84FF-3C18EEFD75AF}.Release|Any CPU.Build.0 = Release|Any CPU
		{49244073-D819-4856-B2B7-12FD50AD71A5}.Debug|Any CPU.ActiveCfg = Debug|Any CPU
		{49244073-D819-4856-B2B7-12FD50AD71A5}.Debug|Any CPU.Build.0 = Debug|Any CPU
		{49244073-D819-4856-B2B7-12FD50AD71A5}.Release|Any CPU.ActiveCfg = Release|Any CPU
		{49244073-D819-4856-B2B7-12FD50AD71A5}.Release|Any CPU.Build.0 = Release|Any CPU
		{FBED4F99-C7F4-470A-8C57-ABB3F13D221E}.Debug|Any CPU.ActiveCfg = Debug|Any CPU
		{FBED4F99-C7F4-470A-8C57-ABB3F13D221E}.Debug|Any CPU.Build.0 = Debug|Any CPU
		{FBED4F99-C7F4-470A-8C57-ABB3F13D221E}.Debug|Any CPU.Deploy.0 = Debug|Any CPU
		{FBED4F99-C7F4-470A-8C57-ABB3F13D221E}.Release|Any CPU.ActiveCfg = Release|Any CPU
		{FBED4F99-C7F4-470A-8C57-ABB3F13D221E}.Release|Any CPU.Build.0 = Release|Any CPU
		{FBED4F99-C7F4-470A-8C57-ABB3F13D221E}.Release|Any CPU.Deploy.0 = Release|Any CPU
		{F5DB26FC-4784-4983-A4A6-B50B3FE629DA}.Debug|Any CPU.ActiveCfg = Debug|Any CPU
		{F5DB26FC-4784-4983-A4A6-B50B3FE629DA}.Debug|Any CPU.Build.0 = Debug|Any CPU
		{F5DB26FC-4784-4983-A4A6-B50B3FE629DA}.Release|Any CPU.ActiveCfg = Release|Any CPU
		{F5DB26FC-4784-4983-A4A6-B50B3FE629DA}.Release|Any CPU.Build.0 = Release|Any CPU
	EndGlobalSection
	GlobalSection(SolutionProperties) = preSolution
		HideSolutionNode = FALSE
	EndGlobalSection
EndGlobal
